
Microsoft Visual Studio Solution File, Format Version 12.00
# Visual Studio 2013
VisualStudioVersion = 12.0.40629.0
MinimumVisualStudioVersion = 10.0.40219.1
Project("{8BC9CEB8-8B4A-11D0-8D11-00A0C91BC942}") = "SmartDiskCleanerCli", "SmartDiskCleanerCpp.vcxproj", "{54D551EE-FC2E-4EF3-8C08-89F60CF905C7}"
EndProject
Project("{8BC9CEB8-8B4A-11D0-8D11-00A0C91BC942}") = "SmartDiskCleanerLib", "..\SmartDiskCleanerLib\SmartDiskCleanerLib.vcxproj", "{BC54F383-33E6-49CC-B47A-E8C13D90A2C5}"
EndProject
Project("{8BC9CEB8-8B4A-11D0-8D11-00A0C91BC942}") = "DatabaseFacade", "..\DatabaseFacade\DatabaseFacade.vcxproj", "{82D231C8-417D-47AD-B147-B434AAD48792}"
EndProject
Project("{8BC9CEB8-8B4A-11D0-8D11-00A0C91BC942}") = "FilesystemFacade", "..\FilesystemFacade\FilesystemFacade.vcxproj", "{FD6C5703-E925-4F05-874B-0F20EF0F125F}"
EndProject
Global
	GlobalSection(SolutionConfigurationPlatforms) = preSolution
		Debug|Win32 = Debug|Win32
		Release|Win32 = Release|Win32
	EndGlobalSection
	GlobalSection(ProjectConfigurationPlatforms) = postSolution
		{54D551EE-FC2E-4EF3-8C08-89F60CF905C7}.Debug|Win32.ActiveCfg = Debug|Win32
		{54D551EE-FC2E-4EF3-8C08-89F60CF905C7}.Debug|Win32.Build.0 = Debug|Win32
		{54D551EE-FC2E-4EF3-8C08-89F60CF905C7}.Release|Win32.ActiveCfg = Release|Win32
		{54D551EE-FC2E-4EF3-8C08-89F60CF905C7}.Release|Win32.Build.0 = Release|Win32
		{BC54F383-33E6-49CC-B47A-E8C13D90A2C5}.Debug|Win32.ActiveCfg = Debug|Win32
		{BC54F383-33E6-49CC-B47A-E8C13D90A2C5}.Debug|Win32.Build.0 = Debug|Win32
		{BC54F383-33E6-49CC-B47A-E8C13D90A2C5}.Release|Win32.ActiveCfg = Release|Win32
		{BC54F383-33E6-49CC-B47A-E8C13D90A2C5}.Release|Win32.Build.0 = Release|Win32
		{82D231C8-417D-47AD-B147-B434AAD48792}.Debug|Win32.ActiveCfg = Debug|Win32
		{82D231C8-417D-47AD-B147-B434AAD48792}.Debug|Win32.Build.0 = Debug|Win32
		{82D231C8-417D-47AD-B147-B434AAD48792}.Release|Win32.ActiveCfg = Release|Win32
		{82D231C8-417D-47AD-B147-B434AAD48792}.Release|Win32.Build.0 = Release|Win32
		{FD6C5703-E925-4F05-874B-0F20EF0F125F}.Debug|Win32.ActiveCfg = Debug|Win32
		{FD6C5703-E925-4F05-874B-0F20EF0F125F}.Debug|Win32.Build.0 = Debug|Win32
		{FD6C5703-E925-4F05-874B-0F20EF0F125F}.Release|Win32.ActiveCfg = Release|Win32
		{FD6C5703-E925-4F05-874B-0F20EF0F125F}.Release|Win32.Build.0 = Release|Win32
	EndGlobalSection
	GlobalSection(SolutionProperties) = preSolution
		HideSolutionNode = FALSE
	EndGlobalSection
EndGlobal
